
Microsoft Visual Studio Solution File, Format Version 12.00
# Visual Studio Version 17
VisualStudioVersion = 17.7.34221.43
MinimumVisualStudioVersion = 10.0.40219.1
Project("{FAE04EC0-301F-11D3-BF4B-00C04F79EFBC}") = "ClassLibrary1", "ClassLibrary1\ClassLibrary1.csproj", "{04352AFC-C244-4B2F-8701-450FD5649C02}"
EndProject
Project("{FAE04EC0-301F-11D3-BF4B-00C04F79EFBC}") = "TestProject1", "TestProject1\TestProject1.csproj", "{F3CC18D0-D7CD-4B89-A508-E265274A4AD6}"
EndProject
Global
	GlobalSection(SolutionConfigurationPlatforms) = preSolution
		Debug|Any CPU = Debug|Any CPU
		Release|Any CPU = Release|Any CPU
	EndGlobalSection
	GlobalSection(ProjectConfigurationPlatforms) = postSolution
		{04352AFC-C244-4B2F-8701-450FD5649C02}.Debug|Any CPU.ActiveCfg = Debug|Any CPU
		{04352AFC-C244-4B2F-8701-450FD5649C02}.Debug|Any CPU.Build.0 = Debug|Any CPU
		{04352AFC-C244-4B2F-8701-450FD5649C02}.Release|Any CPU.ActiveCfg = Release|Any CPU
		{04352AFC-C244-4B2F-8701-450FD5649C02}.Release|Any CPU.Build.0 = Release|Any CPU
		{F3CC18D0-D7CD-4B89-A508-E265274A4AD6}.Debug|Any CPU.ActiveCfg = Debug|Any CPU
		{F3CC18D0-D7CD-4B89-A508-E265274A4AD6}.Debug|Any CPU.Build.0 = Debug|Any CPU
		{F3CC18D0-D7CD-4B89-A508-E265274A4AD6}.Release|Any CPU.ActiveCfg = Release|Any CPU
		{F3CC18D0-D7CD-4B89-A508-E265274A4AD6}.Release|Any CPU.Build.0 = Release|Any CPU
	EndGlobalSection
	GlobalSection(SolutionProperties) = preSolution
		HideSolutionNode = FALSE
	EndGlobalSection
	GlobalSection(ExtensibilityGlobals) = postSolution
		SolutionGuid = {8336747E-3D14-417E-9F64-34799B00F194}
	EndGlobalSection
EndGlobal
